
Microsoft Visual Studio Solution File, Format Version 12.00
# Visual Studio Version 16
VisualStudioVersion = 16.0.34301.259
MinimumVisualStudioVersion = 10.0.40219.1
Project("{FAE04EC0-301F-11D3-BF4B-00C04F79EFBC}") = "boleteria_acceso_datos", "tienda_acceso_datos\boleteria_acceso_datos.csproj", "{ACECF6D7-4B7E-4DEB-937E-8154A7AC3970}"
EndProject
Project("{FAE04EC0-301F-11D3-BF4B-00C04F79EFBC}") = "boleteria_logica_negocio", "tienda_logica_negocio\boleteria_logica_negocio.csproj", "{11112E83-3D1B-48DA-9CFF-420B409C20C7}"
EndProject
Project("{FAE04EC0-301F-11D3-BF4B-00C04F79EFBC}") = "boleteria_presentacion", "tienda_presentacion\boleteria_presentacion.csproj", "{18057AAA-C540-4925-915A-9846AADF9871}"
EndProject
Global
	GlobalSection(SolutionConfigurationPlatforms) = preSolution
		Debug|Any CPU = Debug|Any CPU
		Release|Any CPU = Release|Any CPU
	EndGlobalSection
	GlobalSection(ProjectConfigurationPlatforms) = postSolution
		{ACECF6D7-4B7E-4DEB-937E-8154A7AC3970}.Debug|Any CPU.ActiveCfg = Debug|Any CPU
		{ACECF6D7-4B7E-4DEB-937E-8154A7AC3970}.Debug|Any CPU.Build.0 = Debug|Any CPU
		{ACECF6D7-4B7E-4DEB-937E-8154A7AC3970}.Release|Any CPU.ActiveCfg = Release|Any CPU
		{ACECF6D7-4B7E-4DEB-937E-8154A7AC3970}.Release|Any CPU.Build.0 = Release|Any CPU
		{11112E83-3D1B-48DA-9CFF-420B409C20C7}.Debug|Any CPU.ActiveCfg = Debug|Any CPU
		{11112E83-3D1B-48DA-9CFF-420B409C20C7}.Debug|Any CPU.Build.0 = Debug|Any CPU
		{11112E83-3D1B-48DA-9CFF-420B409C20C7}.Release|Any CPU.ActiveCfg = Release|Any CPU
		{11112E83-3D1B-48DA-9CFF-420B409C20C7}.Release|Any CPU.Build.0 = Release|Any CPU
		{18057AAA-C540-4925-915A-9846AADF9871}.Debug|Any CPU.ActiveCfg = Debug|Any CPU
		{18057AAA-C540-4925-915A-9846AADF9871}.Debug|Any CPU.Build.0 = Debug|Any CPU
		{18057AAA-C540-4925-915A-9846AADF9871}.Release|Any CPU.ActiveCfg = Release|Any CPU
		{18057AAA-C540-4925-915A-9846AADF9871}.Release|Any CPU.Build.0 = Release|Any CPU
	EndGlobalSection
	GlobalSection(SolutionProperties) = preSolution
		HideSolutionNode = FALSE
	EndGlobalSection
	GlobalSection(ExtensibilityGlobals) = postSolution
		SolutionGuid = {353FC310-B50B-439E-B8FC-F08A647AAC36}
	EndGlobalSection
EndGlobal
